
Microsoft Visual Studio Solution File, Format Version 12.00
# Visual Studio Version 17
VisualStudioVersion = 17.5.33424.131
MinimumVisualStudioVersion = 10.0.40219.1
Project("{1B583B24-3C29-4245-81A7-B63185DC2659}") = "TalkinPMC", "TalkinPMC.csproj", "{38EB8360-A348-4578-BDEE-88A9BEADCCBB}"
EndProject
Global
	GlobalSection(SolutionConfigurationPlatforms) = preSolution
		Debug|Any CPU = Debug|Any CPU
		Release|Any CPU = Release|Any CPU
	EndGlobalSection
	GlobalSection(ProjectConfigurationPlatforms) = postSolution
		{38EB8360-A348-4578-BDEE-88A9BEADCCBB}.Debug|Any CPU.ActiveCfg = Debug|Any CPU
		{38EB8360-A348-4578-BDEE-88A9BEADCCBB}.Debug|Any CPU.Build.0 = Debug|Any CPU
		{38EB8360-A348-4578-BDEE-88A9BEADCCBB}.Release|Any CPU.ActiveCfg = Release|Any CPU
		{38EB8360-A348-4578-BDEE-88A9BEADCCBB}.Release|Any CPU.Build.0 = Release|Any CPU
	EndGlobalSection
	GlobalSection(SolutionProperties) = preSolution
		HideSolutionNode = FALSE
	EndGlobalSection
	GlobalSection(ExtensibilityGlobals) = postSolution
		SolutionGuid = {0B5287F0-4648-4604-975E-CEA9B3E706E2}
	EndGlobalSection
EndGlobal
